
Microsoft Visual Studio Solution File, Format Version 12.00
# Visual Studio Version 17
VisualStudioVersion = 17.5.2.0
MinimumVisualStudioVersion = 10.0.40219.1
Project("{2150E333-8FDC-42A3-9474-1A3956D46DE8}") = "src", "src", "{827E0CD3-B72D-47B6-A68D-7590B98EB39B}"
EndProject
Project("{2150E333-8FDC-42A3-9474-1A3956D46DE8}") = "tests", "tests", "{0AB3BF05-4346-4AA6-1389-037BE0695223}"
EndProject
Project("{FAE04EC0-301F-11D3-BF4B-00C04F79EFBC}") = "EventInfrastructure", "src\EventInfrastructure\EventInfrastructure.csproj", "{069DBE0C-40B0-4AF0-9EDD-5E182CC6F337}"
EndProject
Project("{FAE04EC0-301F-11D3-BF4B-00C04F79EFBC}") = "EventCore", "src\EventCore\EventCore.csproj", "{66E7F977-DEB6-4625-9DFE-21FED9A28AC1}"
EndProject
Project("{FAE04EC0-301F-11D3-BF4B-00C04F79EFBC}") = "UnitTests", "tests\UnitTests\UnitTests.csproj", "{5654707F-F93F-40FD-9BEC-2C1CA681E538}"
EndProject
Project("{FAE04EC0-301F-11D3-BF4B-00C04F79EFBC}") = "EventHomepage", "src\EventHomepage\EventHomepage.csproj", "{AE7084E0-2A47-4A41-AAFC-A9D04BACD6C3}"
EndProject
Global
	GlobalSection(SolutionConfigurationPlatforms) = preSolution
		Debug|Any CPU = Debug|Any CPU
		Debug|x64 = Debug|x64
		Debug|x86 = Debug|x86
		Release|Any CPU = Release|Any CPU
		Release|x64 = Release|x64
		Release|x86 = Release|x86
	EndGlobalSection
	GlobalSection(ProjectConfigurationPlatforms) = postSolution
		{069DBE0C-40B0-4AF0-9EDD-5E182CC6F337}.Debug|Any CPU.ActiveCfg = Debug|Any CPU
		{069DBE0C-40B0-4AF0-9EDD-5E182CC6F337}.Debug|Any CPU.Build.0 = Debug|Any CPU
		{069DBE0C-40B0-4AF0-9EDD-5E182CC6F337}.Debug|x64.ActiveCfg = Debug|Any CPU
		{069DBE0C-40B0-4AF0-9EDD-5E182CC6F337}.Debug|x64.Build.0 = Debug|Any CPU
		{069DBE0C-40B0-4AF0-9EDD-5E182CC6F337}.Debug|x86.ActiveCfg = Debug|Any CPU
		{069DBE0C-40B0-4AF0-9EDD-5E182CC6F337}.Debug|x86.Build.0 = Debug|Any CPU
		{069DBE0C-40B0-4AF0-9EDD-5E182CC6F337}.Release|Any CPU.ActiveCfg = Release|Any CPU
		{069DBE0C-40B0-4AF0-9EDD-5E182CC6F337}.Release|Any CPU.Build.0 = Release|Any CPU
		{069DBE0C-40B0-4AF0-9EDD-5E182CC6F337}.Release|x64.ActiveCfg = Release|Any CPU
		{069DBE0C-40B0-4AF0-9EDD-5E182CC6F337}.Release|x64.Build.0 = Release|Any CPU
		{069DBE0C-40B0-4AF0-9EDD-5E182CC6F337}.Release|x86.ActiveCfg = Release|Any CPU
		{069DBE0C-40B0-4AF0-9EDD-5E182CC6F337}.Release|x86.Build.0 = Release|Any CPU
		{66E7F977-DEB6-4625-9DFE-21FED9A28AC1}.Debug|Any CPU.ActiveCfg = Debug|Any CPU
		{66E7F977-DEB6-4625-9DFE-21FED9A28AC1}.Debug|Any CPU.Build.0 = Debug|Any CPU
		{66E7F977-DEB6-4625-9DFE-21FED9A28AC1}.Debug|x64.ActiveCfg = Debug|Any CPU
		{66E7F977-DEB6-4625-9DFE-21FED9A28AC1}.Debug|x64.Build.0 = Debug|Any CPU
		{66E7F977-DEB6-4625-9DFE-21FED9A28AC1}.Debug|x86.ActiveCfg = Debug|Any CPU
		{66E7F977-DEB6-4625-9DFE-21FED9A28AC1}.Debug|x86.Build.0 = Debug|Any CPU
		{66E7F977-DEB6-4625-9DFE-21FED9A28AC1}.Release|Any CPU.ActiveCfg = Release|Any CPU
		{66E7F977-DEB6-4625-9DFE-21FED9A28AC1}.Release|Any CPU.Build.0 = Release|Any CPU
		{66E7F977-DEB6-4625-9DFE-21FED9A28AC1}.Release|x64.ActiveCfg = Release|Any CPU
		{66E7F977-DEB6-4625-9DFE-21FED9A28AC1}.Release|x64.Build.0 = Release|Any CPU
		{66E7F977-DEB6-4625-9DFE-21FED9A28AC1}.Release|x86.ActiveCfg = Release|Any CPU
		{66E7F977-DEB6-4625-9DFE-21FED9A28AC1}.Release|x86.Build.0 = Release|Any CPU
		{5654707F-F93F-40FD-9BEC-2C1CA681E538}.Debug|Any CPU.ActiveCfg = Debug|Any CPU
		{5654707F-F93F-40FD-9BEC-2C1CA681E538}.Debug|Any CPU.Build.0 = Debug|Any CPU
		{5654707F-F93F-40FD-9BEC-2C1CA681E538}.Debug|x64.ActiveCfg = Debug|Any CPU
		{5654707F-F93F-40FD-9BEC-2C1CA681E538}.Debug|x64.Build.0 = Debug|Any CPU
		{5654707F-F93F-40FD-9BEC-2C1CA681E538}.Debug|x86.ActiveCfg = Debug|Any CPU
		{5654707F-F93F-40FD-9BEC-2C1CA681E538}.Debug|x86.Build.0 = Debug|Any CPU
		{5654707F-F93F-40FD-9BEC-2C1CA681E538}.Release|Any CPU.ActiveCfg = Release|Any CPU
		{5654707F-F93F-40FD-9BEC-2C1CA681E538}.Release|Any CPU.Build.0 = Release|Any CPU
		{5654707F-F93F-40FD-9BEC-2C1CA681E538}.Release|x64.ActiveCfg = Release|Any CPU
		{5654707F-F93F-40FD-9BEC-2C1CA681E538}.Release|x64.Build.0 = Release|Any CPU
		{5654707F-F93F-40FD-9BEC-2C1CA681E538}.Release|x86.ActiveCfg = Release|Any CPU
		{5654707F-F93F-40FD-9BEC-2C1CA681E538}.Release|x86.Build.0 = Release|Any CPU
		{AE7084E0-2A47-4A41-AAFC-A9D04BACD6C3}.Debug|Any CPU.ActiveCfg = Debug|Any CPU
		{AE7084E0-2A47-4A41-AAFC-A9D04BACD6C3}.Debug|Any CPU.Build.0 = Debug|Any CPU
		{AE7084E0-2A47-4A41-AAFC-A9D04BACD6C3}.Debug|x64.ActiveCfg = Debug|Any CPU
		{AE7084E0-2A47-4A41-AAFC-A9D04BACD6C3}.Debug|x64.Build.0 = Debug|Any CPU
		{AE7084E0-2A47-4A41-AAFC-A9D04BACD6C3}.Debug|x86.ActiveCfg = Debug|Any CPU
		{AE7084E0-2A47-4A41-AAFC-A9D04BACD6C3}.Debug|x86.Build.0 = Debug|Any CPU
		{AE7084E0-2A47-4A41-AAFC-A9D04BACD6C3}.Release|Any CPU.ActiveCfg = Release|Any CPU
		{AE7084E0-2A47-4A41-AAFC-A9D04BACD6C3}.Release|Any CPU.Build.0 = Release|Any CPU
		{AE7084E0-2A47-4A41-AAFC-A9D04BACD6C3}.Release|x64.ActiveCfg = Release|Any CPU
		{AE7084E0-2A47-4A41-AAFC-A9D04BACD6C3}.Release|x64.Build.0 = Release|Any CPU
		{AE7084E0-2A47-4A41-AAFC-A9D04BACD6C3}.Release|x86.ActiveCfg = Release|Any CPU
		{AE7084E0-2A47-4A41-AAFC-A9D04BACD6C3}.Release|x86.Build.0 = Release|Any CPU
	EndGlobalSection
	GlobalSection(SolutionProperties) = preSolution
		HideSolutionNode = FALSE
	EndGlobalSection
	GlobalSection(NestedProjects) = preSolution
		{069DBE0C-40B0-4AF0-9EDD-5E182CC6F337} = {827E0CD3-B72D-47B6-A68D-7590B98EB39B}
		{66E7F977-DEB6-4625-9DFE-21FED9A28AC1} = {827E0CD3-B72D-47B6-A68D-7590B98EB39B}
		{5654707F-F93F-40FD-9BEC-2C1CA681E538} = {0AB3BF05-4346-4AA6-1389-037BE0695223}
		{AE7084E0-2A47-4A41-AAFC-A9D04BACD6C3} = {827E0CD3-B72D-47B6-A68D-7590B98EB39B}
	EndGlobalSection
	GlobalSection(ExtensibilityGlobals) = postSolution
		SolutionGuid = {E059DCD3-A7AA-41A0-9DB2-EB770173B176}
	EndGlobalSection
EndGlobal
